// !$*UTF8*$!
{
	archiveVersion = 1;
	classes = {
	};
	objectVersion = 55;
	objects = {

/* Begin PBXBuildFile section */
		6FBDF6312864ABF300DBAB47 /* AppDelegate.swift in Sources */ = {isa = PBXBuildFile; fileRef = 6FBDF6302864ABF300DBAB47 /* AppDelegate.swift */; };
		6FBDF6332864ABF300DBAB47 /* SceneDelegate.swift in Sources */ = {isa = PBXBuildFile; fileRef = 6FBDF6322864ABF300DBAB47 /* SceneDelegate.swift */; };
		6FBDF6382864ABF300DBAB47 /* Main.storyboard in Resources */ = {isa = PBXBuildFile; fileRef = 6FBDF6362864ABF300DBAB47 /* Main.storyboard */; };
		6FBDF63A2864ABF300DBAB47 /* Assets.xcassets in Resources */ = {isa = PBXBuildFile; fileRef = 6FBDF6392864ABF300DBAB47 /* Assets.xcassets */; };
		6FBDF63D2864ABF300DBAB47 /* LaunchScreen.storyboard in Resources */ = {isa = PBXBuildFile; fileRef = 6FBDF63B2864ABF300DBAB47 /* LaunchScreen.storyboard */; };
		6FBDF6482864B49B00DBAB47 /* FirstViewModel.swift in Sources */ = {isa = PBXBuildFile; fileRef = 6FBDF6472864B49B00DBAB47 /* FirstViewModel.swift */; };
		6FBDF64A2864B4AB00DBAB47 /* FirstVIewController.swift in Sources */ = {isa = PBXBuildFile; fileRef = 6FBDF6492864B4AB00DBAB47 /* FirstVIewController.swift */; };
		6FBDF64E2864B50000DBAB47 /* Dependency.swift in Sources */ = {isa = PBXBuildFile; fileRef = 6FBDF64D2864B50000DBAB47 /* Dependency.swift */; };
		6FBDF6502864B59400DBAB47 /* ViewModelAssembly.swift in Sources */ = {isa = PBXBuildFile; fileRef = 6FBDF64F2864B59400DBAB47 /* ViewModelAssembly.swift */; };
		6FBDF6522864B71C00DBAB47 /* ViewControllerAssembly.swift in Sources */ = {isa = PBXBuildFile; fileRef = 6FBDF6512864B71C00DBAB47 /* ViewControllerAssembly.swift */; };
		6FBDF6552864BFC800DBAB47 /* SecondViewModel.swift in Sources */ = {isa = PBXBuildFile; fileRef = 6FBDF6542864BFC800DBAB47 /* SecondViewModel.swift */; };
		6FBDF6572864BFD600DBAB47 /* SecondViewController.swift in Sources */ = {isa = PBXBuildFile; fileRef = 6FBDF6562864BFD600DBAB47 /* SecondViewController.swift */; };
		6FBDF65A2864C65B00DBAB47 /* Controllers.swift in Sources */ = {isa = PBXBuildFile; fileRef = 6FBDF6592864C65B00DBAB47 /* Controllers.swift */; };
		85D3B05E86A67E847A613A4F /* Pods_Dependency_Injection.framework in Frameworks */ = {isa = PBXBuildFile; fileRef = DCB9A22CC99AC29E328B9717 /* Pods_Dependency_Injection.framework */; };
/* End PBXBuildFile section */

/* Begin PBXFileReference section */
		2C11D775970F06C9585E9E69 /* Pods-Dependency_Injection.release.xcconfig */ = {isa = PBXFileReference; includeInIndex = 1; lastKnownFileType = text.xcconfig; name = "Pods-Dependency_Injection.release.xcconfig"; path = "Target Support Files/Pods-Dependency_Injection/Pods-Dependency_Injection.release.xcconfig"; sourceTree = "<group>"; };
		6FBDF62D2864ABF300DBAB47 /* Dependency_Injection.app */ = {isa = PBXFileReference; explicitFileType = wrapper.application; includeInIndex = 0; path = Dependency_Injection.app; sourceTree = BUILT_PRODUCTS_DIR; };
		6FBDF6302864ABF300DBAB47 /* AppDelegate.swift */ = {isa = PBXFileReference; lastKnownFileType = sourcecode.swift; path = AppDelegate.swift; sourceTree = "<group>"; };
		6FBDF6322864ABF300DBAB47 /* SceneDelegate.swift */ = {isa = PBXFileReference; lastKnownFileType = sourcecode.swift; path = SceneDelegate.swift; sourceTree = "<group>"; };
		6FBDF6372864ABF300DBAB47 /* Base */ = {isa = PBXFileReference; lastKnownFileType = file.storyboard; name = Base; path = Base.lproj/Main.storyboard; sourceTree = "<group>"; };
		6FBDF6392864ABF300DBAB47 /* Assets.xcassets */ = {isa = PBXFileReference; lastKnownFileType = folder.assetcatalog; path = Assets.xcassets; sourceTree = "<group>"; };
		6FBDF63C2864ABF300DBAB47 /* Base */ = {isa = PBXFileReference; lastKnownFileType = file.storyboard; name = Base; path = Base.lproj/LaunchScreen.storyboard; sourceTree = "<group>"; };
		6FBDF63E2864ABF300DBAB47 /* Info.plist */ = {isa = PBXFileReference; lastKnownFileType = text.plist.xml; path = Info.plist; sourceTree = "<group>"; };
		6FBDF6472864B49B00DBAB47 /* FirstViewModel.swift */ = {isa = PBXFileReference; lastKnownFileType = sourcecode.swift; path = FirstViewModel.swift; sourceTree = "<group>"; };
		6FBDF6492864B4AB00DBAB47 /* FirstVIewController.swift */ = {isa = PBXFileReference; lastKnownFileType = sourcecode.swift; path = FirstVIewController.swift; sourceTree = "<group>"; };
		6FBDF64D2864B50000DBAB47 /* Dependency.swift */ = {isa = PBXFileReference; lastKnownFileType = sourcecode.swift; path = Dependency.swift; sourceTree = "<group>"; };
		6FBDF64F2864B59400DBAB47 /* ViewModelAssembly.swift */ = {isa = PBXFileReference; lastKnownFileType = sourcecode.swift; path = ViewModelAssembly.swift; sourceTree = "<group>"; };
		6FBDF6512864B71C00DBAB47 /* ViewControllerAssembly.swift */ = {isa = PBXFileReference; lastKnownFileType = sourcecode.swift; path = ViewControllerAssembly.swift; sourceTree = "<group>"; };
		6FBDF6542864BFC800DBAB47 /* SecondViewModel.swift */ = {isa = PBXFileReference; lastKnownFileType = sourcecode.swift; path = SecondViewModel.swift; sourceTree = "<group>"; };
		6FBDF6562864BFD600DBAB47 /* SecondViewController.swift */ = {isa = PBXFileReference; lastKnownFileType = sourcecode.swift; path = SecondViewController.swift; sourceTree = "<group>"; };
		6FBDF6592864C65B00DBAB47 /* Controllers.swift */ = {isa = PBXFileReference; lastKnownFileType = sourcecode.swift; path = Controllers.swift; sourceTree = "<group>"; };
		DCB9A22CC99AC29E328B9717 /* Pods_Dependency_Injection.framework */ = {isa = PBXFileReference; explicitFileType = wrapper.framework; includeInIndex = 0; path = Pods_Dependency_Injection.framework; sourceTree = BUILT_PRODUCTS_DIR; };
		DE6D48935ED735250C6C27DF /* Pods-Dependency_Injection.debug.xcconfig */ = {isa = PBXFileReference; includeInIndex = 1; lastKnownFileType = text.xcconfig; name = "Pods-Dependency_Injection.debug.xcconfig"; path = "Target Support Files/Pods-Dependency_Injection/Pods-Dependency_Injection.debug.xcconfig"; sourceTree = "<group>"; };
/* End PBXFileReference section */

/* Begin PBXFrameworksBuildPhase section */
		6FBDF62A2864ABF300DBAB47 /* Frameworks */ = {
			isa = PBXFrameworksBuildPhase;
			buildActionMask = 2147483647;
			files = (
				85D3B05E86A67E847A613A4F /* Pods_Dependency_Injection.framework in Frameworks */,
			);
			runOnlyForDeploymentPostprocessing = 0;
		};
/* End PBXFrameworksBuildPhase section */

/* Begin PBXGroup section */
		6FBDF6242864ABF300DBAB47 = {
			isa = PBXGroup;
			children = (
				6FBDF62F2864ABF300DBAB47 /* Dependency_Injection */,
				6FBDF62E2864ABF300DBAB47 /* Products */,
				D071F4D4DF33E5BD5B0FCBF8 /* Pods */,
				C9F274D3B7E686FEBCD866BE /* Frameworks */,
			);
			sourceTree = "<group>";
		};
		6FBDF62E2864ABF300DBAB47 /* Products */ = {
			isa = PBXGroup;
			children = (
				6FBDF62D2864ABF300DBAB47 /* Dependency_Injection.app */,
			);
			name = Products;
			sourceTree = "<group>";
		};
		6FBDF62F2864ABF300DBAB47 /* Dependency_Injection */ = {
			isa = PBXGroup;
			children = (
				6FBDF6442864B0BC00DBAB47 /* Scenes */,
				6FBDF6302864ABF300DBAB47 /* AppDelegate.swift */,
				6FBDF6322864ABF300DBAB47 /* SceneDelegate.swift */,
				6FBDF64B2864B4B700DBAB47 /* Utility */,
				6FBDF6362864ABF300DBAB47 /* Main.storyboard */,
				6FBDF6392864ABF300DBAB47 /* Assets.xcassets */,
				6FBDF63B2864ABF300DBAB47 /* LaunchScreen.storyboard */,
				6FBDF63E2864ABF300DBAB47 /* Info.plist */,
			);
			path = Dependency_Injection;
			sourceTree = "<group>";
		};
		6FBDF6442864B0BC00DBAB47 /* Scenes */ = {
			isa = PBXGroup;
			children = (
				6FBDF6452864B46400DBAB47 /* FirstViewController */,
				6FBDF6532864BFB300DBAB47 /* SecondViewController */,
			);
			path = Scenes;
			sourceTree = "<group>";
		};
		6FBDF6452864B46400DBAB47 /* FirstViewController */ = {
			isa = PBXGroup;
			children = (
				6FBDF6472864B49B00DBAB47 /* FirstViewModel.swift */,
				6FBDF6492864B4AB00DBAB47 /* FirstVIewController.swift */,
			);
			path = FirstViewController;
			sourceTree = "<group>";
		};
		6FBDF64B2864B4B700DBAB47 /* Utility */ = {
			isa = PBXGroup;
			children = (
				6FBDF6582864C65000DBAB47 /* Controllers */,
				6FBDF65B2864CC3800DBAB47 /* Dependency */,
			);
			path = Utility;
			sourceTree = "<group>";
		};
		6FBDF64C2864B4E100DBAB47 /* AssemblyFactory */ = {
			isa = PBXGroup;
			children = (
				6FBDF64F2864B59400DBAB47 /* ViewModelAssembly.swift */,
				6FBDF6512864B71C00DBAB47 /* ViewControllerAssembly.swift */,
			);
			path = AssemblyFactory;
			sourceTree = "<group>";
		};
		6FBDF6532864BFB300DBAB47 /* SecondViewController */ = {
			isa = PBXGroup;
			children = (
				6FBDF6542864BFC800DBAB47 /* SecondViewModel.swift */,
				6FBDF6562864BFD600DBAB47 /* SecondViewController.swift */,
			);
			path = SecondViewController;
			sourceTree = "<group>";
		};
		6FBDF6582864C65000DBAB47 /* Controllers */ = {
			isa = PBXGroup;
			children = (
				6FBDF6592864C65B00DBAB47 /* Controllers.swift */,
			);
			path = Controllers;
			sourceTree = "<group>";
		};
		6FBDF65B2864CC3800DBAB47 /* Dependency */ = {
			isa = PBXGroup;
			children = (
				6FBDF64D2864B50000DBAB47 /* Dependency.swift */,
				6FBDF64C2864B4E100DBAB47 /* AssemblyFactory */,
			);
			path = Dependency;
			sourceTree = "<group>";
		};
		C9F274D3B7E686FEBCD866BE /* Frameworks */ = {
			isa = PBXGroup;
			children = (
				DCB9A22CC99AC29E328B9717 /* Pods_Dependency_Injection.framework */,
			);
			name = Frameworks;
			sourceTree = "<group>";
		};
		D071F4D4DF33E5BD5B0FCBF8 /* Pods */ = {
			isa = PBXGroup;
			children = (
				DE6D48935ED735250C6C27DF /* Pods-Dependency_Injection.debug.xcconfig */,
				2C11D775970F06C9585E9E69 /* Pods-Dependency_Injection.release.xcconfig */,
			);
			path = Pods;
			sourceTree = "<group>";
		};
/* End PBXGroup section */

/* Begin PBXNativeTarget section */
		6FBDF62C2864ABF300DBAB47 /* Dependency_Injection */ = {
			isa = PBXNativeTarget;
			buildConfigurationList = 6FBDF6412864ABF300DBAB47 /* Build configuration list for PBXNativeTarget "Dependency_Injection" */;
			buildPhases = (
				4DC7C5196EFAB6D67AAEE2AC /* [CP] Check Pods Manifest.lock */,
				6FBDF6292864ABF300DBAB47 /* Sources */,
				6FBDF62A2864ABF300DBAB47 /* Frameworks */,
				6FBDF62B2864ABF300DBAB47 /* Resources */,
				56243D48E9978DC0CFE7AC46 /* [CP] Embed Pods Frameworks */,
			);
			buildRules = (
			);
			dependencies = (
			);
			name = Dependency_Injection;
			productName = Dependency_Injection;
			productReference = 6FBDF62D2864ABF300DBAB47 /* Dependency_Injection.app */;
			productType = "com.apple.product-type.application";
		};
/* End PBXNativeTarget section */

/* Begin PBXProject section */
		6FBDF6252864ABF300DBAB47 /* Project object */ = {
			isa = PBXProject;
			attributes = {
				BuildIndependentTargetsInParallel = 1;
				LastSwiftUpdateCheck = 1340;
				LastUpgradeCheck = 1340;
				TargetAttributes = {
					6FBDF62C2864ABF300DBAB47 = {
						CreatedOnToolsVersion = 13.4.1;
					};
				};
			};
			buildConfigurationList = 6FBDF6282864ABF300DBAB47 /* Build configuration list for PBXProject "Dependency_Injection" */;
			compatibilityVersion = "Xcode 13.0";
			developmentRegion = en;
			hasScannedForEncodings = 0;
			knownRegions = (
				en,
				Base,
			);
			mainGroup = 6FBDF6242864ABF300DBAB47;
			productRefGroup = 6FBDF62E2864ABF300DBAB47 /* Products */;
			projectDirPath = "";
			projectRoot = "";
			targets = (
				6FBDF62C2864ABF300DBAB47 /* Dependency_Injection */,
			);
		};
/* End PBXProject section */

/* Begin PBXResourcesBuildPhase section */
		6FBDF62B2864ABF300DBAB47 /* Resources */ = {
			isa = PBXResourcesBuildPhase;
			buildActionMask = 2147483647;
			files = (
				6FBDF63D2864ABF300DBAB47 /* LaunchScreen.storyboard in Resources */,
				6FBDF63A2864ABF300DBAB47 /* Assets.xcassets in Resources */,
				6FBDF6382864ABF300DBAB47 /* Main.storyboard in Resources */,
			);
			runOnlyForDeploymentPostprocessing = 0;
		};
/* End PBXResourcesBuildPhase section */

/* Begin PBXShellScriptBuildPhase section */
		4DC7C5196EFAB6D67AAEE2AC /* [CP] Check Pods Manifest.lock */ = {
			isa = PBXShellScriptBuildPhase;
			buildActionMask = 2147483647;
			files = (
			);
			inputFileListPaths = (
			);
			inputPaths = (
				"${PODS_PODFILE_DIR_PATH}/Podfile.lock",
				"${PODS_ROOT}/Manifest.lock",
			);
			name = "[CP] Check Pods Manifest.lock";
			outputFileListPaths = (
			);
			outputPaths = (
				"$(DERIVED_FILE_DIR)/Pods-Dependency_Injection-checkManifestLockResult.txt",
			);
			runOnlyForDeploymentPostprocessing = 0;
			shellPath = /bin/sh;
			shellScript = "diff \"${PODS_PODFILE_DIR_PATH}/Podfile.lock\" \"${PODS_ROOT}/Manifest.lock\" > /dev/null\nif [ $? != 0 ] ; then\n    # print error to STDERR\n    echo \"error: The sandbox is not in sync with the Podfile.lock. Run 'pod install' or update your CocoaPods installation.\" >&2\n    exit 1\nfi\n# This output is used by Xcode 'outputs' to avoid re-running this script phase.\necho \"SUCCESS\" > \"${SCRIPT_OUTPUT_FILE_0}\"\n";
			showEnvVarsInLog = 0;
		};
		56243D48E9978DC0CFE7AC46 /* [CP] Embed Pods Frameworks */ = {
			isa = PBXShellScriptBuildPhase;
			buildActionMask = 2147483647;
			files = (
			);
			inputFileListPaths = (
				"${PODS_ROOT}/Target Support Files/Pods-Dependency_Injection/Pods-Dependency_Injection-frameworks-${CONFIGURATION}-input-files.xcfilelist",
			);
			name = "[CP] Embed Pods Frameworks";
			outputFileListPaths = (
				"${PODS_ROOT}/Target Support Files/Pods-Dependency_Injection/Pods-Dependency_Injection-frameworks-${CONFIGURATION}-output-files.xcfilelist",
			);
			runOnlyForDeploymentPostprocessing = 0;
			shellPath = /bin/sh;
			shellScript = "\"${PODS_ROOT}/Target Support Files/Pods-Dependency_Injection/Pods-Dependency_Injection-frameworks.sh\"\n";
			showEnvVarsInLog = 0;
		};
/* End PBXShellScriptBuildPhase section */

/* Begin PBXSourcesBuildPhase section */
		6FBDF6292864ABF300DBAB47 /* Sources */ = {
			isa = PBXSourcesBuildPhase;
			buildActionMask = 2147483647;
			files = (
				6FBDF64A2864B4AB00DBAB47 /* FirstVIewController.swift in Sources */,
				6FBDF6552864BFC800DBAB47 /* SecondViewModel.swift in Sources */,
				6FBDF6502864B59400DBAB47 /* ViewModelAssembly.swift in Sources */,
				6FBDF6312864ABF300DBAB47 /* AppDelegate.swift in Sources */,
				6FBDF6332864ABF300DBAB47 /* SceneDelegate.swift in Sources */,
				6FBDF64E2864B50000DBAB47 /* Dependency.swift in Sources */,
				6FBDF6522864B71C00DBAB47 /* ViewControllerAssembly.swift in Sources */,
				6FBDF65A2864C65B00DBAB47 /* Controllers.swift in Sources */,
				6FBDF6572864BFD600DBAB47 /* SecondViewController.swift in Sources */,
				6FBDF6482864B49B00DBAB47 /* FirstViewModel.swift in Sources */,
			);
			runOnlyForDeploymentPostprocessing = 0;
		};
/* End PBXSourcesBuildPhase section */

/* Begin PBXVariantGroup section */
		6FBDF6362864ABF300DBAB47 /* Main.storyboard */ = {
			isa = PBXVariantGroup;
			children = (
				6FBDF6372864ABF300DBAB47 /* Base */,
			);
			name = Main.storyboard;
			sourceTree = "<group>";
		};
		6FBDF63B2864ABF300DBAB47 /* LaunchScreen.storyboard */ = {
			isa = PBXVariantGroup;
			children = (
				6FBDF63C2864ABF300DBAB47 /* Base */,
			);
			name = LaunchScreen.storyboard;
			sourceTree = "<group>";
		};
/* End PBXVariantGroup section */

/* Begin XCBuildConfiguration section */
		6FBDF63F2864ABF300DBAB47 /* Debug */ = {
			isa = XCBuildConfiguration;
			buildSettings = {
				ALWAYS_SEARCH_USER_PATHS = NO;
				CLANG_ANALYZER_NONNULL = YES;
				CLANG_ANALYZER_NUMBER_OBJECT_CONVERSION = YES_AGGRESSIVE;
				CLANG_CXX_LANGUAGE_STANDARD = "gnu++17";
				CLANG_ENABLE_MODULES = YES;
				CLANG_ENABLE_OBJC_ARC = YES;
				CLANG_ENABLE_OBJC_WEAK = YES;
				CLANG_WARN_BLOCK_CAPTURE_AUTORELEASING = YES;
				CLANG_WARN_BOOL_CONVERSION = YES;
				CLANG_WARN_COMMA = YES;
				CLANG_WARN_CONSTANT_CONVERSION = YES;
				CLANG_WARN_DEPRECATED_OBJC_IMPLEMENTATIONS = YES;
				CLANG_WARN_DIRECT_OBJC_ISA_USAGE = YES_ERROR;
				CLANG_WARN_DOCUMENTATION_COMMENTS = YES;
				CLANG_WARN_EMPTY_BODY = YES;
				CLANG_WARN_ENUM_CONVERSION = YES;
				CLANG_WARN_INFINITE_RECURSION = YES;
				CLANG_WARN_INT_CONVERSION = YES;
				CLANG_WARN_NON_LITERAL_NULL_CONVERSION = YES;
				CLANG_WARN_OBJC_IMPLICIT_RETAIN_SELF = YES;
				CLANG_WARN_OBJC_LITERAL_CONVERSION = YES;
				CLANG_WARN_OBJC_ROOT_CLASS = YES_ERROR;
				CLANG_WARN_QUOTED_INCLUDE_IN_FRAMEWORK_HEADER = YES;
				CLANG_WARN_RANGE_LOOP_ANALYSIS = YES;
				CLANG_WARN_STRICT_PROTOTYPES = YES;
				CLANG_WARN_SUSPICIOUS_MOVE = YES;
				CLANG_WARN_UNGUARDED_AVAILABILITY = YES_AGGRESSIVE;
				CLANG_WARN_UNREACHABLE_CODE = YES;
				CLANG_WARN__DUPLICATE_METHOD_MATCH = YES;
				COPY_PHASE_STRIP = NO;
				DEBUG_INFORMATION_FORMAT = dwarf;
				ENABLE_STRICT_OBJC_MSGSEND = YES;
				ENABLE_TESTABILITY = YES;
				GCC_C_LANGUAGE_STANDARD = gnu11;
				GCC_DYNAMIC_NO_PIC = NO;
				GCC_NO_COMMON_BLOCKS = YES;
				GCC_OPTIMIZATION_LEVEL = 0;
				GCC_PREPROCESSOR_DEFINITIONS = (
					"DEBUG=1",
					"$(inherited)",
				);
				GCC_WARN_64_TO_32_BIT_CONVERSION = YES;
				GCC_WARN_ABOUT_RETURN_TYPE = YES_ERROR;
				GCC_WARN_UNDECLARED_SELECTOR = YES;
				GCC_WARN_UNINITIALIZED_AUTOS = YES_AGGRESSIVE;
				GCC_WARN_UNUSED_FUNCTION = YES;
				GCC_WARN_UNUSED_VARIABLE = YES;
				IPHONEOS_DEPLOYMENT_TARGET = 15.5;
				MTL_ENABLE_DEBUG_INFO = INCLUDE_SOURCE;
				MTL_FAST_MATH = YES;
				ONLY_ACTIVE_ARCH = YES;
				SDKROOT = iphoneos;
				SWIFT_ACTIVE_COMPILATION_CONDITIONS = DEBUG;
				SWIFT_OPTIMIZATION_LEVEL = "-Onone";
			};
			name = Debug;
		};
		6FBDF6402864ABF300DBAB47 /* Release */ = {
			isa = XCBuildConfiguration;
			buildSettings = {
				ALWAYS_SEARCH_USER_PATHS = NO;
				CLANG_ANALYZER_NONNULL = YES;
				CLANG_ANALYZER_NUMBER_OBJECT_CONVERSION = YES_AGGRESSIVE;
				CLANG_CXX_LANGUAGE_STANDARD = "gnu++17";
				CLANG_ENABLE_MODULES = YES;
				CLANG_ENABLE_OBJC_ARC = YES;
				CLANG_ENABLE_OBJC_WEAK = YES;
				CLANG_WARN_BLOCK_CAPTURE_AUTORELEASING = YES;
				CLANG_WARN_BOOL_CONVERSION = YES;
				CLANG_WARN_COMMA = YES;
				CLANG_WARN_CONSTANT_CONVERSION = YES;
				CLANG_WARN_DEPRECATED_OBJC_IMPLEMENTATIONS = YES;
				CLANG_WARN_DIRECT_OBJC_ISA_USAGE = YES_ERROR;
				CLANG_WARN_DOCUMENTATION_COMMENTS = YES;
				CLANG_WARN_EMPTY_BODY = YES;
				CLANG_WARN_ENUM_CONVERSION = YES;
				CLANG_WARN_INFINITE_RECURSION = YES;
				CLANG_WARN_INT_CONVERSION = YES;
				CLANG_WARN_NON_LITERAL_NULL_CONVERSION = YES;
				CLANG_WARN_OBJC_IMPLICIT_RETAIN_SELF = YES;
				CLANG_WARN_OBJC_LITERAL_CONVERSION = YES;
				CLANG_WARN_OBJC_ROOT_CLASS = YES_ERROR;
				CLANG_WARN_QUOTED_INCLUDE_IN_FRAMEWORK_HEADER = YES;
				CLANG_WARN_RANGE_LOOP_ANALYSIS = YES;
				CLANG_WARN_STRICT_PROTOTYPES = YES;
				CLANG_WARN_SUSPICIOUS_MOVE = YES;
				CLANG_WARN_UNGUARDED_AVAILABILITY = YES_AGGRESSIVE;
				CLANG_WARN_UNREACHABLE_CODE = YES;
				CLANG_WARN__DUPLICATE_METHOD_MATCH = YES;
				COPY_PHASE_STRIP = NO;
				DEBUG_INFORMATION_FORMAT = "dwarf-with-dsym";
				ENABLE_NS_ASSERTIONS = NO;
				ENABLE_STRICT_OBJC_MSGSEND = YES;
				GCC_C_LANGUAGE_STANDARD = gnu11;
				GCC_NO_COMMON_BLOCKS = YES;
				GCC_WARN_64_TO_32_BIT_CONVERSION = YES;
				GCC_WARN_ABOUT_RETURN_TYPE = YES_ERROR;
				GCC_WARN_UNDECLARED_SELECTOR = YES;
				GCC_WARN_UNINITIALIZED_AUTOS = YES_AGGRESSIVE;
				GCC_WARN_UNUSED_FUNCTION = YES;
				GCC_WARN_UNUSED_VARIABLE = YES;
				IPHONEOS_DEPLOYMENT_TARGET = 15.5;
				MTL_ENABLE_DEBUG_INFO = NO;
				MTL_FAST_MATH = YES;
				SDKROOT = iphoneos;
				SWIFT_COMPILATION_MODE = wholemodule;
				SWIFT_OPTIMIZATION_LEVEL = "-O";
				VALIDATE_PRODUCT = YES;
			};
			name = Release;
		};
		6FBDF6422864ABF300DBAB47 /* Debug */ = {
			isa = XCBuildConfiguration;
			baseConfigurationReference = DE6D48935ED735250C6C27DF /* Pods-Dependency_Injection.debug.xcconfig */;
			buildSettings = {
				ASSETCATALOG_COMPILER_APPICON_NAME = AppIcon;
				ASSETCATALOG_COMPILER_GLOBAL_ACCENT_COLOR_NAME = AccentColor;
				CODE_SIGN_STYLE = Automatic;
				CURRENT_PROJECT_VERSION = 1;
				DEVELOPMENT_TEAM = WQRJHG7W7C;
				GENERATE_INFOPLIST_FILE = YES;
				INFOPLIST_FILE = Dependency_Injection/Info.plist;
				INFOPLIST_KEY_UIApplicationSupportsIndirectInputEvents = YES;
				INFOPLIST_KEY_UILaunchStoryboardName = LaunchScreen;
				INFOPLIST_KEY_UISupportedInterfaceOrientations_iPad = "UIInterfaceOrientationPortrait UIInterfaceOrientationPortraitUpsideDown UIInterfaceOrientationLandscapeLeft UIInterfaceOrientationLandscapeRight";
				INFOPLIST_KEY_UISupportedInterfaceOrientations_iPhone = "UIInterfaceOrientationPortrait UIInterfaceOrientationLandscapeLeft UIInterfaceOrientationLandscapeRight";
				LD_RUNPATH_SEARCH_PATHS = (
					"$(inherited)",
					"@executable_path/Frameworks",
				);
				MARKETING_VERSION = 1.0;
				PRODUCT_BUNDLE_IDENTIFIER = "TigranVilasyan.Dependency-Injection";
				PRODUCT_NAME = "$(TARGET_NAME)";
				SWIFT_EMIT_LOC_STRINGS = YES;
				SWIFT_VERSION = 5.0;
				TARGETED_DEVICE_FAMILY = "1,2";
			};
			name = Debug;
		};
		6FBDF6432864ABF300DBAB47 /* Release */ = {
			isa = XCBuildConfiguration;
			baseConfigurationReference = 2C11D775970F06C9585E9E69 /* Pods-Dependency_Injection.release.xcconfig */;
			buildSettings = {
				ASSETCATALOG_COMPILER_APPICON_NAME = AppIcon;
				ASSETCATALOG_COMPILER_GLOBAL_ACCENT_COLOR_NAME = AccentColor;
				CODE_SIGN_STYLE = Automatic;
				CURRENT_PROJECT_VERSION = 1;
				DEVELOPMENT_TEAM = WQRJHG7W7C;
				GENERATE_INFOPLIST_FILE = YES;
				INFOPLIST_FILE = Dependency_Injection/Info.plist;
				INFOPLIST_KEY_UIApplicationSupportsIndirectInputEvents = YES;
				INFOPLIST_KEY_UILaunchStoryboardName = LaunchScreen;
				INFOPLIST_KEY_UISupportedInterfaceOrientations_iPad = "UIInterfaceOrientationPortrait UIInterfaceOrientationPortraitUpsideDown UIInterfaceOrientationLandscapeLeft UIInterfaceOrientationLandscapeRight";
				INFOPLIST_KEY_UISupportedInterfaceOrientations_iPhone = "UIInterfaceOrientationPortrait UIInterfaceOrientationLandscapeLeft UIInterfaceOrientationLandscapeRight";
				LD_RUNPATH_SEARCH_PATHS = (
					"$(inherited)",
					"@executable_path/Frameworks",
				);
				MARKETING_VERSION = 1.0;
				PRODUCT_BUNDLE_IDENTIFIER = "TigranVilasyan.Dependency-Injection";
				PRODUCT_NAME = "$(TARGET_NAME)";
				SWIFT_EMIT_LOC_STRINGS = YES;
				SWIFT_VERSION = 5.0;
				TARGETED_DEVICE_FAMILY = "1,2";
			};
			name = Release;
		};
/* End XCBuildConfiguration section */

/* Begin XCConfigurationList section */
		6FBDF6282864ABF300DBAB47 /* Build configuration list for PBXProject "Dependency_Injection" */ = {
			isa = XCConfigurationList;
			buildConfigurations = (
				6FBDF63F2864ABF300DBAB47 /* Debug */,
				6FBDF6402864ABF300DBAB47 /* Release */,
			);
			defaultConfigurationIsVisible = 0;
			defaultConfigurationName = Release;
		};
		6FBDF6412864ABF300DBAB47 /* Build configuration list for PBXNativeTarget "Dependency_Injection" */ = {
			isa = XCConfigurationList;
			buildConfigurations = (
				6FBDF6422864ABF300DBAB47 /* Debug */,
				6FBDF6432864ABF300DBAB47 /* Release */,
			);
			defaultConfigurationIsVisible = 0;
			defaultConfigurationName = Release;
		};
/* End XCConfigurationList section */
	};
	rootObject = 6FBDF6252864ABF300DBAB47 /* Project object */;
}
