// !$*UTF8*$!
{
	archiveVersion = 1;
	classes = {
	};
	objectVersion = 55;
	objects = {

/* Begin PBXBuildFile section */
		6F4FCE0428857C310052665F /* BackendRequest.swift in Sources */ = {isa = PBXBuildFile; fileRef = 6F4FCE0328857C310052665F /* BackendRequest.swift */; };
		6F4FCE0728857E340052665F /* ExampleRequesst.swift in Sources */ = {isa = PBXBuildFile; fileRef = 6F4FCE0628857E340052665F /* ExampleRequesst.swift */; };
		6F4FCE0928858CB20052665F /* BackendHelperRequest.swift in Sources */ = {isa = PBXBuildFile; fileRef = 6F4FCE0828858CB20052665F /* BackendHelperRequest.swift */; };
		6F4FCE0C28858DCF0052665F /* BackendExample.swift in Sources */ = {isa = PBXBuildFile; fileRef = 6F4FCE0B28858DCF0052665F /* BackendExample.swift */; };
		6F4FCE0F28858E920052665F /* Example.swift in Sources */ = {isa = PBXBuildFile; fileRef = 6F4FCE0E28858E920052665F /* Example.swift */; };
		6F4FCE15288596E40052665F /* HZTableViewCell.swift in Sources */ = {isa = PBXBuildFile; fileRef = 6F4FCE13288596E40052665F /* HZTableViewCell.swift */; };
		6F4FCE16288596E40052665F /* HZTableViewCell.xib in Resources */ = {isa = PBXBuildFile; fileRef = 6F4FCE14288596E40052665F /* HZTableViewCell.xib */; };
		6F4FCE19288597010052665F /* PictureTableViewCell.swift in Sources */ = {isa = PBXBuildFile; fileRef = 6F4FCE17288597010052665F /* PictureTableViewCell.swift */; };
		6F4FCE1A288597010052665F /* PictureTableViewCell.xib in Resources */ = {isa = PBXBuildFile; fileRef = 6F4FCE18288597010052665F /* PictureTableViewCell.xib */; };
		6F4FCE1D288597120052665F /* SelectorTableViewCell.swift in Sources */ = {isa = PBXBuildFile; fileRef = 6F4FCE1B288597120052665F /* SelectorTableViewCell.swift */; };
		6F4FCE1E288597120052665F /* SelectorTableViewCell.xib in Resources */ = {isa = PBXBuildFile; fileRef = 6F4FCE1C288597120052665F /* SelectorTableViewCell.xib */; };
		6F4FCE2128859E6C0052665F /* TableView+Extention.swift in Sources */ = {isa = PBXBuildFile; fileRef = 6F4FCE2028859E6C0052665F /* TableView+Extention.swift */; };
		6FBDF6312864ABF300DBAB47 /* AppDelegate.swift in Sources */ = {isa = PBXBuildFile; fileRef = 6FBDF6302864ABF300DBAB47 /* AppDelegate.swift */; };
		6FBDF6332864ABF300DBAB47 /* SceneDelegate.swift in Sources */ = {isa = PBXBuildFile; fileRef = 6FBDF6322864ABF300DBAB47 /* SceneDelegate.swift */; };
		6FBDF6382864ABF300DBAB47 /* Main.storyboard in Resources */ = {isa = PBXBuildFile; fileRef = 6FBDF6362864ABF300DBAB47 /* Main.storyboard */; };
		6FBDF63A2864ABF300DBAB47 /* Assets.xcassets in Resources */ = {isa = PBXBuildFile; fileRef = 6FBDF6392864ABF300DBAB47 /* Assets.xcassets */; };
		6FBDF63D2864ABF300DBAB47 /* LaunchScreen.storyboard in Resources */ = {isa = PBXBuildFile; fileRef = 6FBDF63B2864ABF300DBAB47 /* LaunchScreen.storyboard */; };
		6FBDF6482864B49B00DBAB47 /* RootViewModel.swift in Sources */ = {isa = PBXBuildFile; fileRef = 6FBDF6472864B49B00DBAB47 /* RootViewModel.swift */; };
		6FBDF64A2864B4AB00DBAB47 /* RootViewController.swift in Sources */ = {isa = PBXBuildFile; fileRef = 6FBDF6492864B4AB00DBAB47 /* RootViewController.swift */; };
		6FBDF64E2864B50000DBAB47 /* Dependency.swift in Sources */ = {isa = PBXBuildFile; fileRef = 6FBDF64D2864B50000DBAB47 /* Dependency.swift */; };
		6FBDF6502864B59400DBAB47 /* ViewModelAssembly.swift in Sources */ = {isa = PBXBuildFile; fileRef = 6FBDF64F2864B59400DBAB47 /* ViewModelAssembly.swift */; };
		6FBDF6522864B71C00DBAB47 /* ViewControllerAssembly.swift in Sources */ = {isa = PBXBuildFile; fileRef = 6FBDF6512864B71C00DBAB47 /* ViewControllerAssembly.swift */; };
		6FBDF65A2864C65B00DBAB47 /* Controllers.swift in Sources */ = {isa = PBXBuildFile; fileRef = 6FBDF6592864C65B00DBAB47 /* Controllers.swift */; };
		F29FCF86E9B3941BE4584E24 /* Pods_TestTask.framework in Frameworks */ = {isa = PBXBuildFile; fileRef = 06DEB5FA878EFEE266A0637D /* Pods_TestTask.framework */; };
/* End PBXBuildFile section */

/* Begin PBXFileReference section */
		06DEB5FA878EFEE266A0637D /* Pods_TestTask.framework */ = {isa = PBXFileReference; explicitFileType = wrapper.framework; includeInIndex = 0; path = Pods_TestTask.framework; sourceTree = BUILT_PRODUCTS_DIR; };
		6F4FCE0328857C310052665F /* BackendRequest.swift */ = {isa = PBXFileReference; lastKnownFileType = sourcecode.swift; path = BackendRequest.swift; sourceTree = "<group>"; };
		6F4FCE0628857E340052665F /* ExampleRequesst.swift */ = {isa = PBXFileReference; lastKnownFileType = sourcecode.swift; path = ExampleRequesst.swift; sourceTree = "<group>"; };
		6F4FCE0828858CB20052665F /* BackendHelperRequest.swift */ = {isa = PBXFileReference; lastKnownFileType = sourcecode.swift; path = BackendHelperRequest.swift; sourceTree = "<group>"; };
		6F4FCE0B28858DCF0052665F /* BackendExample.swift */ = {isa = PBXFileReference; lastKnownFileType = sourcecode.swift; path = BackendExample.swift; sourceTree = "<group>"; };
		6F4FCE0E28858E920052665F /* Example.swift */ = {isa = PBXFileReference; lastKnownFileType = sourcecode.swift; path = Example.swift; sourceTree = "<group>"; };
		6F4FCE13288596E40052665F /* HZTableViewCell.swift */ = {isa = PBXFileReference; lastKnownFileType = sourcecode.swift; path = HZTableViewCell.swift; sourceTree = "<group>"; };
		6F4FCE14288596E40052665F /* HZTableViewCell.xib */ = {isa = PBXFileReference; lastKnownFileType = file.xib; path = HZTableViewCell.xib; sourceTree = "<group>"; };
		6F4FCE17288597010052665F /* PictureTableViewCell.swift */ = {isa = PBXFileReference; lastKnownFileType = sourcecode.swift; path = PictureTableViewCell.swift; sourceTree = "<group>"; };
		6F4FCE18288597010052665F /* PictureTableViewCell.xib */ = {isa = PBXFileReference; lastKnownFileType = file.xib; path = PictureTableViewCell.xib; sourceTree = "<group>"; };
		6F4FCE1B288597120052665F /* SelectorTableViewCell.swift */ = {isa = PBXFileReference; lastKnownFileType = sourcecode.swift; path = SelectorTableViewCell.swift; sourceTree = "<group>"; };
		6F4FCE1C288597120052665F /* SelectorTableViewCell.xib */ = {isa = PBXFileReference; lastKnownFileType = file.xib; path = SelectorTableViewCell.xib; sourceTree = "<group>"; };
		6F4FCE2028859E6C0052665F /* TableView+Extention.swift */ = {isa = PBXFileReference; lastKnownFileType = sourcecode.swift; path = "TableView+Extention.swift"; sourceTree = "<group>"; };
		6FBDF62D2864ABF300DBAB47 /* TestTask.app */ = {isa = PBXFileReference; explicitFileType = wrapper.application; includeInIndex = 0; path = TestTask.app; sourceTree = BUILT_PRODUCTS_DIR; };
		6FBDF6302864ABF300DBAB47 /* AppDelegate.swift */ = {isa = PBXFileReference; lastKnownFileType = sourcecode.swift; path = AppDelegate.swift; sourceTree = "<group>"; };
		6FBDF6322864ABF300DBAB47 /* SceneDelegate.swift */ = {isa = PBXFileReference; lastKnownFileType = sourcecode.swift; path = SceneDelegate.swift; sourceTree = "<group>"; };
		6FBDF6372864ABF300DBAB47 /* Base */ = {isa = PBXFileReference; lastKnownFileType = file.storyboard; name = Base; path = Base.lproj/Main.storyboard; sourceTree = "<group>"; };
		6FBDF6392864ABF300DBAB47 /* Assets.xcassets */ = {isa = PBXFileReference; lastKnownFileType = folder.assetcatalog; path = Assets.xcassets; sourceTree = "<group>"; };
		6FBDF63C2864ABF300DBAB47 /* Base */ = {isa = PBXFileReference; lastKnownFileType = file.storyboard; name = Base; path = Base.lproj/LaunchScreen.storyboard; sourceTree = "<group>"; };
		6FBDF63E2864ABF300DBAB47 /* Info.plist */ = {isa = PBXFileReference; lastKnownFileType = text.plist.xml; path = Info.plist; sourceTree = "<group>"; };
		6FBDF6472864B49B00DBAB47 /* RootViewModel.swift */ = {isa = PBXFileReference; lastKnownFileType = sourcecode.swift; path = RootViewModel.swift; sourceTree = "<group>"; };
		6FBDF6492864B4AB00DBAB47 /* RootViewController.swift */ = {isa = PBXFileReference; lastKnownFileType = sourcecode.swift; path = RootViewController.swift; sourceTree = "<group>"; };
		6FBDF64D2864B50000DBAB47 /* Dependency.swift */ = {isa = PBXFileReference; lastKnownFileType = sourcecode.swift; path = Dependency.swift; sourceTree = "<group>"; };
		6FBDF64F2864B59400DBAB47 /* ViewModelAssembly.swift */ = {isa = PBXFileReference; lastKnownFileType = sourcecode.swift; path = ViewModelAssembly.swift; sourceTree = "<group>"; };
		6FBDF6512864B71C00DBAB47 /* ViewControllerAssembly.swift */ = {isa = PBXFileReference; lastKnownFileType = sourcecode.swift; path = ViewControllerAssembly.swift; sourceTree = "<group>"; };
		6FBDF6592864C65B00DBAB47 /* Controllers.swift */ = {isa = PBXFileReference; lastKnownFileType = sourcecode.swift; path = Controllers.swift; sourceTree = "<group>"; };
		775F3A217E84BB790E326BC0 /* Pods-TestTask.debug.xcconfig */ = {isa = PBXFileReference; includeInIndex = 1; lastKnownFileType = text.xcconfig; name = "Pods-TestTask.debug.xcconfig"; path = "Target Support Files/Pods-TestTask/Pods-TestTask.debug.xcconfig"; sourceTree = "<group>"; };
		F9A72B8BA3826BB6D580B972 /* Pods-TestTask.release.xcconfig */ = {isa = PBXFileReference; includeInIndex = 1; lastKnownFileType = text.xcconfig; name = "Pods-TestTask.release.xcconfig"; path = "Target Support Files/Pods-TestTask/Pods-TestTask.release.xcconfig"; sourceTree = "<group>"; };
/* End PBXFileReference section */

/* Begin PBXFrameworksBuildPhase section */
		6FBDF62A2864ABF300DBAB47 /* Frameworks */ = {
			isa = PBXFrameworksBuildPhase;
			buildActionMask = 2147483647;
			files = (
				F29FCF86E9B3941BE4584E24 /* Pods_TestTask.framework in Frameworks */,
			);
			runOnlyForDeploymentPostprocessing = 0;
		};
/* End PBXFrameworksBuildPhase section */

/* Begin PBXGroup section */
		6F4FCE0228857B900052665F /* ServiceManger */ = {
			isa = PBXGroup;
			children = (
				6F4FCE0A28858DB40052665F /* Backend */,
				6F4FCE0828858CB20052665F /* BackendHelperRequest.swift */,
				6F4FCE0328857C310052665F /* BackendRequest.swift */,
				6F4FCE0528857E140052665F /* Requests */,
			);
			path = ServiceManger;
			sourceTree = "<group>";
		};
		6F4FCE0528857E140052665F /* Requests */ = {
			isa = PBXGroup;
			children = (
				6F4FCE0628857E340052665F /* ExampleRequesst.swift */,
			);
			path = Requests;
			sourceTree = "<group>";
		};
		6F4FCE0A28858DB40052665F /* Backend */ = {
			isa = PBXGroup;
			children = (
				6F4FCE0B28858DCF0052665F /* BackendExample.swift */,
			);
			path = Backend;
			sourceTree = "<group>";
		};
		6F4FCE0D28858E7E0052665F /* Model */ = {
			isa = PBXGroup;
			children = (
				6F4FCE0E28858E920052665F /* Example.swift */,
			);
			path = Model;
			sourceTree = "<group>";
		};
		6F4FCE10288596A60052665F /* Cell */ = {
			isa = PBXGroup;
			children = (
				6F4FCE13288596E40052665F /* HZTableViewCell.swift */,
				6F4FCE14288596E40052665F /* HZTableViewCell.xib */,
				6F4FCE17288597010052665F /* PictureTableViewCell.swift */,
				6F4FCE18288597010052665F /* PictureTableViewCell.xib */,
				6F4FCE1B288597120052665F /* SelectorTableViewCell.swift */,
				6F4FCE1C288597120052665F /* SelectorTableViewCell.xib */,
			);
			path = Cell;
			sourceTree = "<group>";
		};
		6F4FCE1F28859E550052665F /* Utilties */ = {
			isa = PBXGroup;
			children = (
				6F4FCE2028859E6C0052665F /* TableView+Extention.swift */,
			);
			path = Utilties;
			sourceTree = "<group>";
		};
		6FBDF6242864ABF300DBAB47 = {
			isa = PBXGroup;
			children = (
				6FBDF62F2864ABF300DBAB47 /* TestTask */,
				6FBDF62E2864ABF300DBAB47 /* Products */,
				C9F274D3B7E686FEBCD866BE /* Frameworks */,
				D1EDD90F79F1ED2952E8C4B1 /* Pods */,
			);
			sourceTree = "<group>";
		};
		6FBDF62E2864ABF300DBAB47 /* Products */ = {
			isa = PBXGroup;
			children = (
				6FBDF62D2864ABF300DBAB47 /* TestTask.app */,
			);
			name = Products;
			sourceTree = "<group>";
		};
		6FBDF62F2864ABF300DBAB47 /* TestTask */ = {
			isa = PBXGroup;
			children = (
				6F4FCE1F28859E550052665F /* Utilties */,
				6F4FCE0D28858E7E0052665F /* Model */,
				6F4FCE0228857B900052665F /* ServiceManger */,
				6FBDF6302864ABF300DBAB47 /* AppDelegate.swift */,
				6FBDF6322864ABF300DBAB47 /* SceneDelegate.swift */,
				6FBDF6442864B0BC00DBAB47 /* Scenes */,
				6FBDF65B2864CC3800DBAB47 /* Dependency */,
				6FBDF6582864C65000DBAB47 /* Controllers */,
				6FBDF6362864ABF300DBAB47 /* Main.storyboard */,
				6FBDF6392864ABF300DBAB47 /* Assets.xcassets */,
				6FBDF63B2864ABF300DBAB47 /* LaunchScreen.storyboard */,
				6FBDF63E2864ABF300DBAB47 /* Info.plist */,
			);
			path = TestTask;
			sourceTree = "<group>";
		};
		6FBDF6442864B0BC00DBAB47 /* Scenes */ = {
			isa = PBXGroup;
			children = (
				6FBDF6452864B46400DBAB47 /* RootViewController */,
			);
			path = Scenes;
			sourceTree = "<group>";
		};
		6FBDF6452864B46400DBAB47 /* RootViewController */ = {
			isa = PBXGroup;
			children = (
				6F4FCE10288596A60052665F /* Cell */,
				6FBDF6492864B4AB00DBAB47 /* RootViewController.swift */,
				6FBDF6472864B49B00DBAB47 /* RootViewModel.swift */,
			);
			path = RootViewController;
			sourceTree = "<group>";
		};
		6FBDF64C2864B4E100DBAB47 /* AssemblyFactory */ = {
			isa = PBXGroup;
			children = (
				6FBDF64F2864B59400DBAB47 /* ViewModelAssembly.swift */,
				6FBDF6512864B71C00DBAB47 /* ViewControllerAssembly.swift */,
			);
			path = AssemblyFactory;
			sourceTree = "<group>";
		};
		6FBDF6582864C65000DBAB47 /* Controllers */ = {
			isa = PBXGroup;
			children = (
				6FBDF6592864C65B00DBAB47 /* Controllers.swift */,
			);
			path = Controllers;
			sourceTree = "<group>";
		};
		6FBDF65B2864CC3800DBAB47 /* Dependency */ = {
			isa = PBXGroup;
			children = (
				6FBDF64D2864B50000DBAB47 /* Dependency.swift */,
				6FBDF64C2864B4E100DBAB47 /* AssemblyFactory */,
			);
			path = Dependency;
			sourceTree = "<group>";
		};
		C9F274D3B7E686FEBCD866BE /* Frameworks */ = {
			isa = PBXGroup;
			children = (
				06DEB5FA878EFEE266A0637D /* Pods_TestTask.framework */,
			);
			name = Frameworks;
			sourceTree = "<group>";
		};
		D1EDD90F79F1ED2952E8C4B1 /* Pods */ = {
			isa = PBXGroup;
			children = (
				775F3A217E84BB790E326BC0 /* Pods-TestTask.debug.xcconfig */,
				F9A72B8BA3826BB6D580B972 /* Pods-TestTask.release.xcconfig */,
			);
			path = Pods;
			sourceTree = "<group>";
		};
/* End PBXGroup section */

/* Begin PBXNativeTarget section */
		6FBDF62C2864ABF300DBAB47 /* TestTask */ = {
			isa = PBXNativeTarget;
			buildConfigurationList = 6FBDF6412864ABF300DBAB47 /* Build configuration list for PBXNativeTarget "TestTask" */;
			buildPhases = (
				4DC7C5196EFAB6D67AAEE2AC /* [CP] Check Pods Manifest.lock */,
				6FBDF6292864ABF300DBAB47 /* Sources */,
				6FBDF62A2864ABF300DBAB47 /* Frameworks */,
				6FBDF62B2864ABF300DBAB47 /* Resources */,
				56243D48E9978DC0CFE7AC46 /* [CP] Embed Pods Frameworks */,
			);
			buildRules = (
			);
			dependencies = (
			);
			name = TestTask;
			productName = Dependency_Injection;
			productReference = 6FBDF62D2864ABF300DBAB47 /* TestTask.app */;
			productType = "com.apple.product-type.application";
		};
/* End PBXNativeTarget section */

/* Begin PBXProject section */
		6FBDF6252864ABF300DBAB47 /* Project object */ = {
			isa = PBXProject;
			attributes = {
				BuildIndependentTargetsInParallel = 1;
				LastSwiftUpdateCheck = 1340;
				LastUpgradeCheck = 1340;
				TargetAttributes = {
					6FBDF62C2864ABF300DBAB47 = {
						CreatedOnToolsVersion = 13.4.1;
					};
				};
			};
			buildConfigurationList = 6FBDF6282864ABF300DBAB47 /* Build configuration list for PBXProject "TestTask" */;
			compatibilityVersion = "Xcode 13.0";
			developmentRegion = en;
			hasScannedForEncodings = 0;
			knownRegions = (
				en,
				Base,
			);
			mainGroup = 6FBDF6242864ABF300DBAB47;
			productRefGroup = 6FBDF62E2864ABF300DBAB47 /* Products */;
			projectDirPath = "";
			projectRoot = "";
			targets = (
				6FBDF62C2864ABF300DBAB47 /* TestTask */,
			);
		};
/* End PBXProject section */

/* Begin PBXResourcesBuildPhase section */
		6FBDF62B2864ABF300DBAB47 /* Resources */ = {
			isa = PBXResourcesBuildPhase;
			buildActionMask = 2147483647;
			files = (
				6F4FCE1E288597120052665F /* SelectorTableViewCell.xib in Resources */,
				6FBDF63D2864ABF300DBAB47 /* LaunchScreen.storyboard in Resources */,
				6F4FCE16288596E40052665F /* HZTableViewCell.xib in Resources */,
				6FBDF63A2864ABF300DBAB47 /* Assets.xcassets in Resources */,
				6FBDF6382864ABF300DBAB47 /* Main.storyboard in Resources */,
				6F4FCE1A288597010052665F /* PictureTableViewCell.xib in Resources */,
			);
			runOnlyForDeploymentPostprocessing = 0;
		};
/* End PBXResourcesBuildPhase section */

/* Begin PBXShellScriptBuildPhase section */
		4DC7C5196EFAB6D67AAEE2AC /* [CP] Check Pods Manifest.lock */ = {
			isa = PBXShellScriptBuildPhase;
			buildActionMask = 2147483647;
			files = (
			);
			inputFileListPaths = (
			);
			inputPaths = (
				"${PODS_PODFILE_DIR_PATH}/Podfile.lock",
				"${PODS_ROOT}/Manifest.lock",
			);
			name = "[CP] Check Pods Manifest.lock";
			outputFileListPaths = (
			);
			outputPaths = (
				"$(DERIVED_FILE_DIR)/Pods-TestTask-checkManifestLockResult.txt",
			);
			runOnlyForDeploymentPostprocessing = 0;
			shellPath = /bin/sh;
			shellScript = "diff \"${PODS_PODFILE_DIR_PATH}/Podfile.lock\" \"${PODS_ROOT}/Manifest.lock\" > /dev/null\nif [ $? != 0 ] ; then\n    # print error to STDERR\n    echo \"error: The sandbox is not in sync with the Podfile.lock. Run 'pod install' or update your CocoaPods installation.\" >&2\n    exit 1\nfi\n# This output is used by Xcode 'outputs' to avoid re-running this script phase.\necho \"SUCCESS\" > \"${SCRIPT_OUTPUT_FILE_0}\"\n";
			showEnvVarsInLog = 0;
		};
		56243D48E9978DC0CFE7AC46 /* [CP] Embed Pods Frameworks */ = {
			isa = PBXShellScriptBuildPhase;
			buildActionMask = 2147483647;
			files = (
			);
			inputFileListPaths = (
				"${PODS_ROOT}/Target Support Files/Pods-TestTask/Pods-TestTask-frameworks-${CONFIGURATION}-input-files.xcfilelist",
			);
			name = "[CP] Embed Pods Frameworks";
			outputFileListPaths = (
				"${PODS_ROOT}/Target Support Files/Pods-TestTask/Pods-TestTask-frameworks-${CONFIGURATION}-output-files.xcfilelist",
			);
			runOnlyForDeploymentPostprocessing = 0;
			shellPath = /bin/sh;
			shellScript = "\"${PODS_ROOT}/Target Support Files/Pods-TestTask/Pods-TestTask-frameworks.sh\"\n";
			showEnvVarsInLog = 0;
		};
/* End PBXShellScriptBuildPhase section */

/* Begin PBXSourcesBuildPhase section */
		6FBDF6292864ABF300DBAB47 /* Sources */ = {
			isa = PBXSourcesBuildPhase;
			buildActionMask = 2147483647;
			files = (
				6F4FCE0728857E340052665F /* ExampleRequesst.swift in Sources */,
				6FBDF64A2864B4AB00DBAB47 /* RootViewController.swift in Sources */,
				6F4FCE0928858CB20052665F /* BackendHelperRequest.swift in Sources */,
				6F4FCE15288596E40052665F /* HZTableViewCell.swift in Sources */,
				6F4FCE2128859E6C0052665F /* TableView+Extention.swift in Sources */,
				6F4FCE0F28858E920052665F /* Example.swift in Sources */,
				6F4FCE0C28858DCF0052665F /* BackendExample.swift in Sources */,
				6FBDF6502864B59400DBAB47 /* ViewModelAssembly.swift in Sources */,
				6FBDF6312864ABF300DBAB47 /* AppDelegate.swift in Sources */,
				6F4FCE19288597010052665F /* PictureTableViewCell.swift in Sources */,
				6FBDF6332864ABF300DBAB47 /* SceneDelegate.swift in Sources */,
				6F4FCE1D288597120052665F /* SelectorTableViewCell.swift in Sources */,
				6FBDF64E2864B50000DBAB47 /* Dependency.swift in Sources */,
				6FBDF6522864B71C00DBAB47 /* ViewControllerAssembly.swift in Sources */,
				6F4FCE0428857C310052665F /* BackendRequest.swift in Sources */,
				6FBDF65A2864C65B00DBAB47 /* Controllers.swift in Sources */,
				6FBDF6482864B49B00DBAB47 /* RootViewModel.swift in Sources */,
			);
			runOnlyForDeploymentPostprocessing = 0;
		};
/* End PBXSourcesBuildPhase section */

/* Begin PBXVariantGroup section */
		6FBDF6362864ABF300DBAB47 /* Main.storyboard */ = {
			isa = PBXVariantGroup;
			children = (
				6FBDF6372864ABF300DBAB47 /* Base */,
			);
			name = Main.storyboard;
			sourceTree = "<group>";
		};
		6FBDF63B2864ABF300DBAB47 /* LaunchScreen.storyboard */ = {
			isa = PBXVariantGroup;
			children = (
				6FBDF63C2864ABF300DBAB47 /* Base */,
			);
			name = LaunchScreen.storyboard;
			sourceTree = "<group>";
		};
/* End PBXVariantGroup section */

/* Begin XCBuildConfiguration section */
		6FBDF63F2864ABF300DBAB47 /* Debug */ = {
			isa = XCBuildConfiguration;
			buildSettings = {
				ALWAYS_SEARCH_USER_PATHS = NO;
				CLANG_ANALYZER_NONNULL = YES;
				CLANG_ANALYZER_NUMBER_OBJECT_CONVERSION = YES_AGGRESSIVE;
				CLANG_CXX_LANGUAGE_STANDARD = "gnu++17";
				CLANG_ENABLE_MODULES = YES;
				CLANG_ENABLE_OBJC_ARC = YES;
				CLANG_ENABLE_OBJC_WEAK = YES;
				CLANG_WARN_BLOCK_CAPTURE_AUTORELEASING = YES;
				CLANG_WARN_BOOL_CONVERSION = YES;
				CLANG_WARN_COMMA = YES;
				CLANG_WARN_CONSTANT_CONVERSION = YES;
				CLANG_WARN_DEPRECATED_OBJC_IMPLEMENTATIONS = YES;
				CLANG_WARN_DIRECT_OBJC_ISA_USAGE = YES_ERROR;
				CLANG_WARN_DOCUMENTATION_COMMENTS = YES;
				CLANG_WARN_EMPTY_BODY = YES;
				CLANG_WARN_ENUM_CONVERSION = YES;
				CLANG_WARN_INFINITE_RECURSION = YES;
				CLANG_WARN_INT_CONVERSION = YES;
				CLANG_WARN_NON_LITERAL_NULL_CONVERSION = YES;
				CLANG_WARN_OBJC_IMPLICIT_RETAIN_SELF = YES;
				CLANG_WARN_OBJC_LITERAL_CONVERSION = YES;
				CLANG_WARN_OBJC_ROOT_CLASS = YES_ERROR;
				CLANG_WARN_QUOTED_INCLUDE_IN_FRAMEWORK_HEADER = YES;
				CLANG_WARN_RANGE_LOOP_ANALYSIS = YES;
				CLANG_WARN_STRICT_PROTOTYPES = YES;
				CLANG_WARN_SUSPICIOUS_MOVE = YES;
				CLANG_WARN_UNGUARDED_AVAILABILITY = YES_AGGRESSIVE;
				CLANG_WARN_UNREACHABLE_CODE = YES;
				CLANG_WARN__DUPLICATE_METHOD_MATCH = YES;
				COPY_PHASE_STRIP = NO;
				DEBUG_INFORMATION_FORMAT = dwarf;
				ENABLE_STRICT_OBJC_MSGSEND = YES;
				ENABLE_TESTABILITY = YES;
				GCC_C_LANGUAGE_STANDARD = gnu11;
				GCC_DYNAMIC_NO_PIC = NO;
				GCC_NO_COMMON_BLOCKS = YES;
				GCC_OPTIMIZATION_LEVEL = 0;
				GCC_PREPROCESSOR_DEFINITIONS = (
					"DEBUG=1",
					"$(inherited)",
				);
				GCC_WARN_64_TO_32_BIT_CONVERSION = YES;
				GCC_WARN_ABOUT_RETURN_TYPE = YES_ERROR;
				GCC_WARN_UNDECLARED_SELECTOR = YES;
				GCC_WARN_UNINITIALIZED_AUTOS = YES_AGGRESSIVE;
				GCC_WARN_UNUSED_FUNCTION = YES;
				GCC_WARN_UNUSED_VARIABLE = YES;
				IPHONEOS_DEPLOYMENT_TARGET = 15.5;
				MTL_ENABLE_DEBUG_INFO = INCLUDE_SOURCE;
				MTL_FAST_MATH = YES;
				ONLY_ACTIVE_ARCH = YES;
				SDKROOT = iphoneos;
				SWIFT_ACTIVE_COMPILATION_CONDITIONS = DEBUG;
				SWIFT_OPTIMIZATION_LEVEL = "-Onone";
			};
			name = Debug;
		};
		6FBDF6402864ABF300DBAB47 /* Release */ = {
			isa = XCBuildConfiguration;
			buildSettings = {
				ALWAYS_SEARCH_USER_PATHS = NO;
				CLANG_ANALYZER_NONNULL = YES;
				CLANG_ANALYZER_NUMBER_OBJECT_CONVERSION = YES_AGGRESSIVE;
				CLANG_CXX_LANGUAGE_STANDARD = "gnu++17";
				CLANG_ENABLE_MODULES = YES;
				CLANG_ENABLE_OBJC_ARC = YES;
				CLANG_ENABLE_OBJC_WEAK = YES;
				CLANG_WARN_BLOCK_CAPTURE_AUTORELEASING = YES;
				CLANG_WARN_BOOL_CONVERSION = YES;
				CLANG_WARN_COMMA = YES;
				CLANG_WARN_CONSTANT_CONVERSION = YES;
				CLANG_WARN_DEPRECATED_OBJC_IMPLEMENTATIONS = YES;
				CLANG_WARN_DIRECT_OBJC_ISA_USAGE = YES_ERROR;
				CLANG_WARN_DOCUMENTATION_COMMENTS = YES;
				CLANG_WARN_EMPTY_BODY = YES;
				CLANG_WARN_ENUM_CONVERSION = YES;
				CLANG_WARN_INFINITE_RECURSION = YES;
				CLANG_WARN_INT_CONVERSION = YES;
				CLANG_WARN_NON_LITERAL_NULL_CONVERSION = YES;
				CLANG_WARN_OBJC_IMPLICIT_RETAIN_SELF = YES;
				CLANG_WARN_OBJC_LITERAL_CONVERSION = YES;
				CLANG_WARN_OBJC_ROOT_CLASS = YES_ERROR;
				CLANG_WARN_QUOTED_INCLUDE_IN_FRAMEWORK_HEADER = YES;
				CLANG_WARN_RANGE_LOOP_ANALYSIS = YES;
				CLANG_WARN_STRICT_PROTOTYPES = YES;
				CLANG_WARN_SUSPICIOUS_MOVE = YES;
				CLANG_WARN_UNGUARDED_AVAILABILITY = YES_AGGRESSIVE;
				CLANG_WARN_UNREACHABLE_CODE = YES;
				CLANG_WARN__DUPLICATE_METHOD_MATCH = YES;
				COPY_PHASE_STRIP = NO;
				DEBUG_INFORMATION_FORMAT = "dwarf-with-dsym";
				ENABLE_NS_ASSERTIONS = NO;
				ENABLE_STRICT_OBJC_MSGSEND = YES;
				GCC_C_LANGUAGE_STANDARD = gnu11;
				GCC_NO_COMMON_BLOCKS = YES;
				GCC_WARN_64_TO_32_BIT_CONVERSION = YES;
				GCC_WARN_ABOUT_RETURN_TYPE = YES_ERROR;
				GCC_WARN_UNDECLARED_SELECTOR = YES;
				GCC_WARN_UNINITIALIZED_AUTOS = YES_AGGRESSIVE;
				GCC_WARN_UNUSED_FUNCTION = YES;
				GCC_WARN_UNUSED_VARIABLE = YES;
				IPHONEOS_DEPLOYMENT_TARGET = 15.5;
				MTL_ENABLE_DEBUG_INFO = NO;
				MTL_FAST_MATH = YES;
				SDKROOT = iphoneos;
				SWIFT_COMPILATION_MODE = wholemodule;
				SWIFT_OPTIMIZATION_LEVEL = "-O";
				VALIDATE_PRODUCT = YES;
			};
			name = Release;
		};
		6FBDF6422864ABF300DBAB47 /* Debug */ = {
			isa = XCBuildConfiguration;
			baseConfigurationReference = 775F3A217E84BB790E326BC0 /* Pods-TestTask.debug.xcconfig */;
			buildSettings = {
				ASSETCATALOG_COMPILER_APPICON_NAME = AppIcon;
				ASSETCATALOG_COMPILER_GLOBAL_ACCENT_COLOR_NAME = AccentColor;
				CODE_SIGN_STYLE = Automatic;
				CURRENT_PROJECT_VERSION = 1;
				DEVELOPMENT_TEAM = WQRJHG7W7C;
				GENERATE_INFOPLIST_FILE = YES;
				INFOPLIST_FILE = TestTask/Info.plist;
				INFOPLIST_KEY_UIApplicationSupportsIndirectInputEvents = YES;
				INFOPLIST_KEY_UILaunchStoryboardName = LaunchScreen;
				INFOPLIST_KEY_UISupportedInterfaceOrientations_iPad = "UIInterfaceOrientationPortrait UIInterfaceOrientationPortraitUpsideDown UIInterfaceOrientationLandscapeLeft UIInterfaceOrientationLandscapeRight";
				INFOPLIST_KEY_UISupportedInterfaceOrientations_iPhone = "UIInterfaceOrientationPortrait UIInterfaceOrientationLandscapeLeft UIInterfaceOrientationLandscapeRight";
				LD_RUNPATH_SEARCH_PATHS = (
					"$(inherited)",
					"@executable_path/Frameworks",
				);
				MARKETING_VERSION = 1.0;
				PRODUCT_BUNDLE_IDENTIFIER = TigranVilasyan.TestTask;
				PRODUCT_NAME = "$(TARGET_NAME)";
				SWIFT_EMIT_LOC_STRINGS = YES;
				SWIFT_VERSION = 5.0;
				TARGETED_DEVICE_FAMILY = "1,2";
			};
			name = Debug;
		};
		6FBDF6432864ABF300DBAB47 /* Release */ = {
			isa = XCBuildConfiguration;
			baseConfigurationReference = F9A72B8BA3826BB6D580B972 /* Pods-TestTask.release.xcconfig */;
			buildSettings = {
				ASSETCATALOG_COMPILER_APPICON_NAME = AppIcon;
				ASSETCATALOG_COMPILER_GLOBAL_ACCENT_COLOR_NAME = AccentColor;
				CODE_SIGN_STYLE = Automatic;
				CURRENT_PROJECT_VERSION = 1;
				DEVELOPMENT_TEAM = WQRJHG7W7C;
				GENERATE_INFOPLIST_FILE = YES;
				INFOPLIST_FILE = TestTask/Info.plist;
				INFOPLIST_KEY_UIApplicationSupportsIndirectInputEvents = YES;
				INFOPLIST_KEY_UILaunchStoryboardName = LaunchScreen;
				INFOPLIST_KEY_UISupportedInterfaceOrientations_iPad = "UIInterfaceOrientationPortrait UIInterfaceOrientationPortraitUpsideDown UIInterfaceOrientationLandscapeLeft UIInterfaceOrientationLandscapeRight";
				INFOPLIST_KEY_UISupportedInterfaceOrientations_iPhone = "UIInterfaceOrientationPortrait UIInterfaceOrientationLandscapeLeft UIInterfaceOrientationLandscapeRight";
				LD_RUNPATH_SEARCH_PATHS = (
					"$(inherited)",
					"@executable_path/Frameworks",
				);
				MARKETING_VERSION = 1.0;
				PRODUCT_BUNDLE_IDENTIFIER = TigranVilasyan.TestTask;
				PRODUCT_NAME = "$(TARGET_NAME)";
				SWIFT_EMIT_LOC_STRINGS = YES;
				SWIFT_VERSION = 5.0;
				TARGETED_DEVICE_FAMILY = "1,2";
			};
			name = Release;
		};
/* End XCBuildConfiguration section */

/* Begin XCConfigurationList section */
		6FBDF6282864ABF300DBAB47 /* Build configuration list for PBXProject "TestTask" */ = {
			isa = XCConfigurationList;
			buildConfigurations = (
				6FBDF63F2864ABF300DBAB47 /* Debug */,
				6FBDF6402864ABF300DBAB47 /* Release */,
			);
			defaultConfigurationIsVisible = 0;
			defaultConfigurationName = Release;
		};
		6FBDF6412864ABF300DBAB47 /* Build configuration list for PBXNativeTarget "TestTask" */ = {
			isa = XCConfigurationList;
			buildConfigurations = (
				6FBDF6422864ABF300DBAB47 /* Debug */,
				6FBDF6432864ABF300DBAB47 /* Release */,
			);
			defaultConfigurationIsVisible = 0;
			defaultConfigurationName = Release;
		};
/* End XCConfigurationList section */
	};
	rootObject = 6FBDF6252864ABF300DBAB47 /* Project object */;
}
